// !$*UTF8*$!
{
	archiveVersion = 1;
	classes = {
	};
	objectVersion = 50;
	objects = {

/* Begin PBXBuildFile section */
		CA75863420B28FCD0012C694 /* AppDelegate.m in Sources */ = {isa = PBXBuildFile; fileRef = CA75863320B28FCD0012C694 /* AppDelegate.m */; };
		CA75863720B28FCD0012C694 /* ViewController.m in Sources */ = {isa = PBXBuildFile; fileRef = CA75863620B28FCD0012C694 /* ViewController.m */; };
		CA75863A20B28FCD0012C694 /* Main.storyboard in Resources */ = {isa = PBXBuildFile; fileRef = CA75863820B28FCD0012C694 /* Main.storyboard */; };
		CA75863C20B28FCE0012C694 /* Assets.xcassets in Resources */ = {isa = PBXBuildFile; fileRef = CA75863B20B28FCE0012C694 /* Assets.xcassets */; };
		CA75863F20B28FCE0012C694 /* LaunchScreen.storyboard in Resources */ = {isa = PBXBuildFile; fileRef = CA75863D20B28FCE0012C694 /* LaunchScreen.storyboard */; };
		CA75864220B28FCE0012C694 /* main.m in Sources */ = {isa = PBXBuildFile; fileRef = CA75864120B28FCE0012C694 /* main.m */; };
		CA75864D20B2904F0012C694 /* AYAudioTimer.m in Sources */ = {isa = PBXBuildFile; fileRef = CA75864C20B2904F0012C694 /* AYAudioTimer.m */; };
		CA75865020B291E70012C694 /* AYAudioFileManager.m in Sources */ = {isa = PBXBuildFile; fileRef = CA75864F20B291E70012C694 /* AYAudioFileManager.m */; };
		CA75865320B293B00012C694 /* AYAudioTool.m in Sources */ = {isa = PBXBuildFile; fileRef = CA75865220B293B00012C694 /* AYAudioTool.m */; };
		CA75865620B295170012C694 /* AVFoundation.framework in Frameworks */ = {isa = PBXBuildFile; fileRef = CA75865520B295170012C694 /* AVFoundation.framework */; };
		CA75865820B295220012C694 /* AudioToolbox.framework in Frameworks */ = {isa = PBXBuildFile; fileRef = CA75865720B295220012C694 /* AudioToolbox.framework */; };
		CA75866820B2A3AD0012C694 /* record_animate_01.png in Resources */ = {isa = PBXBuildFile; fileRef = CA75865A20B2A3AD0012C694 /* record_animate_01.png */; };
		CA75866920B2A3AD0012C694 /* record_animate_14.png in Resources */ = {isa = PBXBuildFile; fileRef = CA75865B20B2A3AD0012C694 /* record_animate_14.png */; };
		CA75866A20B2A3AD0012C694 /* record_animate_02.png in Resources */ = {isa = PBXBuildFile; fileRef = CA75865C20B2A3AD0012C694 /* record_animate_02.png */; };
		CA75866B20B2A3AD0012C694 /* record_animate_03.png in Resources */ = {isa = PBXBuildFile; fileRef = CA75865D20B2A3AD0012C694 /* record_animate_03.png */; };
		CA75866C20B2A3AD0012C694 /* record_animate_07.png in Resources */ = {isa = PBXBuildFile; fileRef = CA75865E20B2A3AD0012C694 /* record_animate_07.png */; };
		CA75866D20B2A3AD0012C694 /* record_animate_13.png in Resources */ = {isa = PBXBuildFile; fileRef = CA75865F20B2A3AD0012C694 /* record_animate_13.png */; };
		CA75866E20B2A3AD0012C694 /* record_animate_12.png in Resources */ = {isa = PBXBuildFile; fileRef = CA75866020B2A3AD0012C694 /* record_animate_12.png */; };
		CA75866F20B2A3AD0012C694 /* record_animate_06.png in Resources */ = {isa = PBXBuildFile; fileRef = CA75866120B2A3AD0012C694 /* record_animate_06.png */; };
		CA75867020B2A3AD0012C694 /* record_animate_10.png in Resources */ = {isa = PBXBuildFile; fileRef = CA75866220B2A3AD0012C694 /* record_animate_10.png */; };
		CA75867120B2A3AD0012C694 /* record_animate_04.png in Resources */ = {isa = PBXBuildFile; fileRef = CA75866320B2A3AD0012C694 /* record_animate_04.png */; };
		CA75867220B2A3AD0012C694 /* record_animate_05.png in Resources */ = {isa = PBXBuildFile; fileRef = CA75866420B2A3AD0012C694 /* record_animate_05.png */; };
		CA75867320B2A3AD0012C694 /* record_animate_11.png in Resources */ = {isa = PBXBuildFile; fileRef = CA75866520B2A3AD0012C694 /* record_animate_11.png */; };
		CA75867420B2A3AD0012C694 /* record_animate_08.png in Resources */ = {isa = PBXBuildFile; fileRef = CA75866620B2A3AD0012C694 /* record_animate_08.png */; };
		CA75867520B2A3AD0012C694 /* record_animate_09.png in Resources */ = {isa = PBXBuildFile; fileRef = CA75866720B2A3AD0012C694 /* record_animate_09.png */; };
		CA75867D20B2C0D60012C694 /* NSTimer+AvoidCycle.m in Sources */ = {isa = PBXBuildFile; fileRef = CA75867C20B2C0D60012C694 /* NSTimer+AvoidCycle.m */; };
/* End PBXBuildFile section */

/* Begin PBXFileReference section */
		CA75862F20B28FCD0012C694 /* AYAudioTool.app */ = {isa = PBXFileReference; explicitFileType = wrapper.application; includeInIndex = 0; path = AYAudioTool.app; sourceTree = BUILT_PRODUCTS_DIR; };
		CA75863220B28FCD0012C694 /* AppDelegate.h */ = {isa = PBXFileReference; lastKnownFileType = sourcecode.c.h; path = AppDelegate.h; sourceTree = "<group>"; };
		CA75863320B28FCD0012C694 /* AppDelegate.m */ = {isa = PBXFileReference; lastKnownFileType = sourcecode.c.objc; path = AppDelegate.m; sourceTree = "<group>"; };
		CA75863520B28FCD0012C694 /* ViewController.h */ = {isa = PBXFileReference; lastKnownFileType = sourcecode.c.h; path = ViewController.h; sourceTree = "<group>"; };
		CA75863620B28FCD0012C694 /* ViewController.m */ = {isa = PBXFileReference; lastKnownFileType = sourcecode.c.objc; path = ViewController.m; sourceTree = "<group>"; };
		CA75863920B28FCD0012C694 /* Base */ = {isa = PBXFileReference; lastKnownFileType = file.storyboard; name = Base; path = Base.lproj/Main.storyboard; sourceTree = "<group>"; };
		CA75863B20B28FCE0012C694 /* Assets.xcassets */ = {isa = PBXFileReference; lastKnownFileType = folder.assetcatalog; path = Assets.xcassets; sourceTree = "<group>"; };
		CA75863E20B28FCE0012C694 /* Base */ = {isa = PBXFileReference; lastKnownFileType = file.storyboard; name = Base; path = Base.lproj/LaunchScreen.storyboard; sourceTree = "<group>"; };
		CA75864020B28FCE0012C694 /* Info.plist */ = {isa = PBXFileReference; lastKnownFileType = text.plist.xml; path = Info.plist; sourceTree = "<group>"; };
		CA75864120B28FCE0012C694 /* main.m */ = {isa = PBXFileReference; lastKnownFileType = sourcecode.c.objc; path = main.m; sourceTree = "<group>"; };
		CA75864B20B2904F0012C694 /* AYAudioTimer.h */ = {isa = PBXFileReference; lastKnownFileType = sourcecode.c.h; path = AYAudioTimer.h; sourceTree = "<group>"; };
		CA75864C20B2904F0012C694 /* AYAudioTimer.m */ = {isa = PBXFileReference; lastKnownFileType = sourcecode.c.objc; path = AYAudioTimer.m; sourceTree = "<group>"; };
		CA75864E20B291E70012C694 /* AYAudioFileManager.h */ = {isa = PBXFileReference; lastKnownFileType = sourcecode.c.h; path = AYAudioFileManager.h; sourceTree = "<group>"; };
		CA75864F20B291E70012C694 /* AYAudioFileManager.m */ = {isa = PBXFileReference; lastKnownFileType = sourcecode.c.objc; path = AYAudioFileManager.m; sourceTree = "<group>"; };
		CA75865120B293B00012C694 /* AYAudioTool.h */ = {isa = PBXFileReference; lastKnownFileType = sourcecode.c.h; path = AYAudioTool.h; sourceTree = "<group>"; };
		CA75865220B293B00012C694 /* AYAudioTool.m */ = {isa = PBXFileReference; lastKnownFileType = sourcecode.c.objc; path = AYAudioTool.m; sourceTree = "<group>"; };
		CA75865520B295170012C694 /* AVFoundation.framework */ = {isa = PBXFileReference; lastKnownFileType = wrapper.framework; name = AVFoundation.framework; path = System/Library/Frameworks/AVFoundation.framework; sourceTree = SDKROOT; };
		CA75865720B295220012C694 /* AudioToolbox.framework */ = {isa = PBXFileReference; lastKnownFileType = wrapper.framework; name = AudioToolbox.framework; path = System/Library/Frameworks/AudioToolbox.framework; sourceTree = SDKROOT; };
		CA75865A20B2A3AD0012C694 /* record_animate_01.png */ = {isa = PBXFileReference; lastKnownFileType = image.png; path = record_animate_01.png; sourceTree = "<group>"; };
		CA75865B20B2A3AD0012C694 /* record_animate_14.png */ = {isa = PBXFileReference; lastKnownFileType = image.png; path = record_animate_14.png; sourceTree = "<group>"; };
		CA75865C20B2A3AD0012C694 /* record_animate_02.png */ = {isa = PBXFileReference; lastKnownFileType = image.png; path = record_animate_02.png; sourceTree = "<group>"; };
		CA75865D20B2A3AD0012C694 /* record_animate_03.png */ = {isa = PBXFileReference; lastKnownFileType = image.png; path = record_animate_03.png; sourceTree = "<group>"; };
		CA75865E20B2A3AD0012C694 /* record_animate_07.png */ = {isa = PBXFileReference; lastKnownFileType = image.png; path = record_animate_07.png; sourceTree = "<group>"; };
		CA75865F20B2A3AD0012C694 /* record_animate_13.png */ = {isa = PBXFileReference; lastKnownFileType = image.png; path = record_animate_13.png; sourceTree = "<group>"; };
		CA75866020B2A3AD0012C694 /* record_animate_12.png */ = {isa = PBXFileReference; lastKnownFileType = image.png; path = record_animate_12.png; sourceTree = "<group>"; };
		CA75866120B2A3AD0012C694 /* record_animate_06.png */ = {isa = PBXFileReference; lastKnownFileType = image.png; path = record_animate_06.png; sourceTree = "<group>"; };
		CA75866220B2A3AD0012C694 /* record_animate_10.png */ = {isa = PBXFileReference; lastKnownFileType = image.png; path = record_animate_10.png; sourceTree = "<group>"; };
		CA75866320B2A3AD0012C694 /* record_animate_04.png */ = {isa = PBXFileReference; lastKnownFileType = image.png; path = record_animate_04.png; sourceTree = "<group>"; };
		CA75866420B2A3AD0012C694 /* record_animate_05.png */ = {isa = PBXFileReference; lastKnownFileType = image.png; path = record_animate_05.png; sourceTree = "<group>"; };
		CA75866520B2A3AD0012C694 /* record_animate_11.png */ = {isa = PBXFileReference; lastKnownFileType = image.png; path = record_animate_11.png; sourceTree = "<group>"; };
		CA75866620B2A3AD0012C694 /* record_animate_08.png */ = {isa = PBXFileReference; lastKnownFileType = image.png; path = record_animate_08.png; sourceTree = "<group>"; };
		CA75866720B2A3AD0012C694 /* record_animate_09.png */ = {isa = PBXFileReference; lastKnownFileType = image.png; path = record_animate_09.png; sourceTree = "<group>"; };
		CA75867B20B2C0D60012C694 /* NSTimer+AvoidCycle.h */ = {isa = PBXFileReference; lastKnownFileType = sourcecode.c.h; path = "NSTimer+AvoidCycle.h"; sourceTree = "<group>"; };
		CA75867C20B2C0D60012C694 /* NSTimer+AvoidCycle.m */ = {isa = PBXFileReference; lastKnownFileType = sourcecode.c.objc; path = "NSTimer+AvoidCycle.m"; sourceTree = "<group>"; };
/* End PBXFileReference section */

/* Begin PBXFrameworksBuildPhase section */
		CA75862C20B28FCD0012C694 /* Frameworks */ = {
			isa = PBXFrameworksBuildPhase;
			buildActionMask = 2147483647;
			files = (
				CA75865820B295220012C694 /* AudioToolbox.framework in Frameworks */,
				CA75865620B295170012C694 /* AVFoundation.framework in Frameworks */,
			);
			runOnlyForDeploymentPostprocessing = 0;
		};
/* End PBXFrameworksBuildPhase section */

/* Begin PBXGroup section */
		CA75862620B28FCD0012C694 = {
			isa = PBXGroup;
			children = (
				CA75863120B28FCD0012C694 /* AYAudioTool */,
				CA75863020B28FCD0012C694 /* Products */,
				CA75865420B295170012C694 /* Frameworks */,
			);
			sourceTree = "<group>";
		};
		CA75863020B28FCD0012C694 /* Products */ = {
			isa = PBXGroup;
			children = (
				CA75862F20B28FCD0012C694 /* AYAudioTool.app */,
			);
			name = Products;
			sourceTree = "<group>";
		};
		CA75863120B28FCD0012C694 /* AYAudioTool */ = {
			isa = PBXGroup;
			children = (
				CA75864920B290190012C694 /* AYAudioTool */,
				CA75863220B28FCD0012C694 /* AppDelegate.h */,
				CA75863320B28FCD0012C694 /* AppDelegate.m */,
				CA75863520B28FCD0012C694 /* ViewController.h */,
				CA75863620B28FCD0012C694 /* ViewController.m */,
				CA75864020B28FCE0012C694 /* Info.plist */,
				CA75864820B28FD80012C694 /* Others */,
			);
			path = AYAudioTool;
			sourceTree = "<group>";
		};
		CA75864820B28FD80012C694 /* Others */ = {
			isa = PBXGroup;
			children = (
				CA75863820B28FCD0012C694 /* Main.storyboard */,
				CA75863B20B28FCE0012C694 /* Assets.xcassets */,
				CA75863D20B28FCE0012C694 /* LaunchScreen.storyboard */,
				CA75864120B28FCE0012C694 /* main.m */,
			);
			path = Others;
			sourceTree = "<group>";
		};
		CA75864920B290190012C694 /* AYAudioTool */ = {
			isa = PBXGroup;
			children = (
				CA75867A20B2C0AC0012C694 /* Others */,
				CA75865920B2A3AD0012C694 /* AudioRecorderImage */,
				CA75865120B293B00012C694 /* AYAudioTool.h */,
				CA75865220B293B00012C694 /* AYAudioTool.m */,
				CA75864B20B2904F0012C694 /* AYAudioTimer.h */,
				CA75864C20B2904F0012C694 /* AYAudioTimer.m */,
				CA75864E20B291E70012C694 /* AYAudioFileManager.h */,
				CA75864F20B291E70012C694 /* AYAudioFileManager.m */,
			);
			path = AYAudioTool;
			sourceTree = "<group>";
		};
		CA75865420B295170012C694 /* Frameworks */ = {
			isa = PBXGroup;
			children = (
				CA75865720B295220012C694 /* AudioToolbox.framework */,
				CA75865520B295170012C694 /* AVFoundation.framework */,
			);
			name = Frameworks;
			sourceTree = "<group>";
		};
		CA75865920B2A3AD0012C694 /* AudioRecorderImage */ = {
			isa = PBXGroup;
			children = (
				CA75865A20B2A3AD0012C694 /* record_animate_01.png */,
				CA75865B20B2A3AD0012C694 /* record_animate_14.png */,
				CA75865C20B2A3AD0012C694 /* record_animate_02.png */,
				CA75865D20B2A3AD0012C694 /* record_animate_03.png */,
				CA75865E20B2A3AD0012C694 /* record_animate_07.png */,
				CA75865F20B2A3AD0012C694 /* record_animate_13.png */,
				CA75866020B2A3AD0012C694 /* record_animate_12.png */,
				CA75866120B2A3AD0012C694 /* record_animate_06.png */,
				CA75866220B2A3AD0012C694 /* record_animate_10.png */,
				CA75866320B2A3AD0012C694 /* record_animate_04.png */,
				CA75866420B2A3AD0012C694 /* record_animate_05.png */,
				CA75866520B2A3AD0012C694 /* record_animate_11.png */,
				CA75866620B2A3AD0012C694 /* record_animate_08.png */,
				CA75866720B2A3AD0012C694 /* record_animate_09.png */,
			);
			path = AudioRecorderImage;
			sourceTree = "<group>";
		};
		CA75867A20B2C0AC0012C694 /* Others */ = {
			isa = PBXGroup;
			children = (
				CA75867B20B2C0D60012C694 /* NSTimer+AvoidCycle.h */,
				CA75867C20B2C0D60012C694 /* NSTimer+AvoidCycle.m */,
			);
			path = Others;
			sourceTree = "<group>";
		};
/* End PBXGroup section */

/* Begin PBXNativeTarget section */
		CA75862E20B28FCD0012C694 /* AYAudioTool */ = {
			isa = PBXNativeTarget;
			buildConfigurationList = CA75864520B28FCE0012C694 /* Build configuration list for PBXNativeTarget "AYAudioTool" */;
			buildPhases = (
				CA75862B20B28FCD0012C694 /* Sources */,
				CA75862C20B28FCD0012C694 /* Frameworks */,
				CA75862D20B28FCD0012C694 /* Resources */,
			);
			buildRules = (
			);
			dependencies = (
			);
			name = AYAudioTool;
			productName = AYAudioTool;
			productReference = CA75862F20B28FCD0012C694 /* AYAudioTool.app */;
			productType = "com.apple.product-type.application";
		};
/* End PBXNativeTarget section */

/* Begin PBXProject section */
		CA75862720B28FCD0012C694 /* Project object */ = {
			isa = PBXProject;
			attributes = {
				LastUpgradeCheck = 0930;
				ORGANIZATIONNAME = shanbay410;
				TargetAttributes = {
					CA75862E20B28FCD0012C694 = {
						CreatedOnToolsVersion = 9.3.1;
					};
				};
			};
			buildConfigurationList = CA75862A20B28FCD0012C694 /* Build configuration list for PBXProject "AYAudioTool" */;
			compatibilityVersion = "Xcode 9.3";
			developmentRegion = en;
			hasScannedForEncodings = 0;
			knownRegions = (
				en,
				Base,
			);
			mainGroup = CA75862620B28FCD0012C694;
			productRefGroup = CA75863020B28FCD0012C694 /* Products */;
			projectDirPath = "";
			projectRoot = "";
			targets = (
				CA75862E20B28FCD0012C694 /* AYAudioTool */,
			);
		};
/* End PBXProject section */

/* Begin PBXResourcesBuildPhase section */
		CA75862D20B28FCD0012C694 /* Resources */ = {
			isa = PBXResourcesBuildPhase;
			buildActionMask = 2147483647;
			files = (
				CA75866A20B2A3AD0012C694 /* record_animate_02.png in Resources */,
				CA75866E20B2A3AD0012C694 /* record_animate_12.png in Resources */,
				CA75867120B2A3AD0012C694 /* record_animate_04.png in Resources */,
				CA75867320B2A3AD0012C694 /* record_animate_11.png in Resources */,
				CA75866B20B2A3AD0012C694 /* record_animate_03.png in Resources */,
				CA75863F20B28FCE0012C694 /* LaunchScreen.storyboard in Resources */,
				CA75866C20B2A3AD0012C694 /* record_animate_07.png in Resources */,
				CA75867520B2A3AD0012C694 /* record_animate_09.png in Resources */,
				CA75866820B2A3AD0012C694 /* record_animate_01.png in Resources */,
				CA75866F20B2A3AD0012C694 /* record_animate_06.png in Resources */,
				CA75866920B2A3AD0012C694 /* record_animate_14.png in Resources */,
				CA75867220B2A3AD0012C694 /* record_animate_05.png in Resources */,
				CA75866D20B2A3AD0012C694 /* record_animate_13.png in Resources */,
				CA75867420B2A3AD0012C694 /* record_animate_08.png in Resources */,
				CA75867020B2A3AD0012C694 /* record_animate_10.png in Resources */,
				CA75863C20B28FCE0012C694 /* Assets.xcassets in Resources */,
				CA75863A20B28FCD0012C694 /* Main.storyboard in Resources */,
			);
			runOnlyForDeploymentPostprocessing = 0;
		};
/* End PBXResourcesBuildPhase section */

/* Begin PBXSourcesBuildPhase section */
		CA75862B20B28FCD0012C694 /* Sources */ = {
			isa = PBXSourcesBuildPhase;
			buildActionMask = 2147483647;
			files = (
				CA75865020B291E70012C694 /* AYAudioFileManager.m in Sources */,
				CA75863720B28FCD0012C694 /* ViewController.m in Sources */,
				CA75864220B28FCE0012C694 /* main.m in Sources */,
				CA75864D20B2904F0012C694 /* AYAudioTimer.m in Sources */,
				CA75865320B293B00012C694 /* AYAudioTool.m in Sources */,
				CA75867D20B2C0D60012C694 /* NSTimer+AvoidCycle.m in Sources */,
				CA75863420B28FCD0012C694 /* AppDelegate.m in Sources */,
			);
			runOnlyForDeploymentPostprocessing = 0;
		};
/* End PBXSourcesBuildPhase section */

/* Begin PBXVariantGroup section */
		CA75863820B28FCD0012C694 /* Main.storyboard */ = {
			isa = PBXVariantGroup;
			children = (
				CA75863920B28FCD0012C694 /* Base */,
			);
			name = Main.storyboard;
			sourceTree = "<group>";
		};
		CA75863D20B28FCE0012C694 /* LaunchScreen.storyboard */ = {
			isa = PBXVariantGroup;
			children = (
				CA75863E20B28FCE0012C694 /* Base */,
			);
			name = LaunchScreen.storyboard;
			sourceTree = "<group>";
		};
/* End PBXVariantGroup section */

/* Begin XCBuildConfiguration section */
		CA75864320B28FCE0012C694 /* Debug */ = {
			isa = XCBuildConfiguration;
			buildSettings = {
				ALWAYS_SEARCH_USER_PATHS = NO;
				CLANG_ANALYZER_NONNULL = YES;
				CLANG_ANALYZER_NUMBER_OBJECT_CONVERSION = YES_AGGRESSIVE;
				CLANG_CXX_LANGUAGE_STANDARD = "gnu++14";
				CLANG_CXX_LIBRARY = "libc++";
				CLANG_ENABLE_MODULES = YES;
				CLANG_ENABLE_OBJC_ARC = YES;
				CLANG_ENABLE_OBJC_WEAK = YES;
				CLANG_WARN_BLOCK_CAPTURE_AUTORELEASING = YES;
				CLANG_WARN_BOOL_CONVERSION = YES;
				CLANG_WARN_COMMA = YES;
				CLANG_WARN_CONSTANT_CONVERSION = YES;
				CLANG_WARN_DEPRECATED_OBJC_IMPLEMENTATIONS = YES;
				CLANG_WARN_DIRECT_OBJC_ISA_USAGE = YES_ERROR;
				CLANG_WARN_DOCUMENTATION_COMMENTS = YES;
				CLANG_WARN_EMPTY_BODY = YES;
				CLANG_WARN_ENUM_CONVERSION = YES;
				CLANG_WARN_INFINITE_RECURSION = YES;
				CLANG_WARN_INT_CONVERSION = YES;
				CLANG_WARN_NON_LITERAL_NULL_CONVERSION = YES;
				CLANG_WARN_OBJC_IMPLICIT_RETAIN_SELF = YES;
				CLANG_WARN_OBJC_LITERAL_CONVERSION = YES;
				CLANG_WARN_OBJC_ROOT_CLASS = YES_ERROR;
				CLANG_WARN_RANGE_LOOP_ANALYSIS = YES;
				CLANG_WARN_STRICT_PROTOTYPES = YES;
				CLANG_WARN_SUSPICIOUS_MOVE = YES;
				CLANG_WARN_UNGUARDED_AVAILABILITY = YES_AGGRESSIVE;
				CLANG_WARN_UNREACHABLE_CODE = YES;
				CLANG_WARN__DUPLICATE_METHOD_MATCH = YES;
				CODE_SIGN_IDENTITY = "iPhone Developer";
				COPY_PHASE_STRIP = NO;
				DEBUG_INFORMATION_FORMAT = dwarf;
				ENABLE_STRICT_OBJC_MSGSEND = YES;
				ENABLE_TESTABILITY = YES;
				GCC_C_LANGUAGE_STANDARD = gnu11;
				GCC_DYNAMIC_NO_PIC = NO;
				GCC_NO_COMMON_BLOCKS = YES;
				GCC_OPTIMIZATION_LEVEL = 0;
				GCC_PREPROCESSOR_DEFINITIONS = (
					"DEBUG=1",
					"$(inherited)",
				);
				GCC_WARN_64_TO_32_BIT_CONVERSION = YES;
				GCC_WARN_ABOUT_RETURN_TYPE = YES_ERROR;
				GCC_WARN_UNDECLARED_SELECTOR = YES;
				GCC_WARN_UNINITIALIZED_AUTOS = YES_AGGRESSIVE;
				GCC_WARN_UNUSED_FUNCTION = YES;
				GCC_WARN_UNUSED_VARIABLE = YES;
				IPHONEOS_DEPLOYMENT_TARGET = 11.3;
				MTL_ENABLE_DEBUG_INFO = YES;
				ONLY_ACTIVE_ARCH = YES;
				SDKROOT = iphoneos;
			};
			name = Debug;
		};
		CA75864420B28FCE0012C694 /* Release */ = {
			isa = XCBuildConfiguration;
			buildSettings = {
				ALWAYS_SEARCH_USER_PATHS = NO;
				CLANG_ANALYZER_NONNULL = YES;
				CLANG_ANALYZER_NUMBER_OBJECT_CONVERSION = YES_AGGRESSIVE;
				CLANG_CXX_LANGUAGE_STANDARD = "gnu++14";
				CLANG_CXX_LIBRARY = "libc++";
				CLANG_ENABLE_MODULES = YES;
				CLANG_ENABLE_OBJC_ARC = YES;
				CLANG_ENABLE_OBJC_WEAK = YES;
				CLANG_WARN_BLOCK_CAPTURE_AUTORELEASING = YES;
				CLANG_WARN_BOOL_CONVERSION = YES;
				CLANG_WARN_COMMA = YES;
				CLANG_WARN_CONSTANT_CONVERSION = YES;
				CLANG_WARN_DEPRECATED_OBJC_IMPLEMENTATIONS = YES;
				CLANG_WARN_DIRECT_OBJC_ISA_USAGE = YES_ERROR;
				CLANG_WARN_DOCUMENTATION_COMMENTS = YES;
				CLANG_WARN_EMPTY_BODY = YES;
				CLANG_WARN_ENUM_CONVERSION = YES;
				CLANG_WARN_INFINITE_RECURSION = YES;
				CLANG_WARN_INT_CONVERSION = YES;
				CLANG_WARN_NON_LITERAL_NULL_CONVERSION = YES;
				CLANG_WARN_OBJC_IMPLICIT_RETAIN_SELF = YES;
				CLANG_WARN_OBJC_LITERAL_CONVERSION = YES;
				CLANG_WARN_OBJC_ROOT_CLASS = YES_ERROR;
				CLANG_WARN_RANGE_LOOP_ANALYSIS = YES;
				CLANG_WARN_STRICT_PROTOTYPES = YES;
				CLANG_WARN_SUSPICIOUS_MOVE = YES;
				CLANG_WARN_UNGUARDED_AVAILABILITY = YES_AGGRESSIVE;
				CLANG_WARN_UNREACHABLE_CODE = YES;
				CLANG_WARN__DUPLICATE_METHOD_MATCH = YES;
				CODE_SIGN_IDENTITY = "iPhone Developer";
				COPY_PHASE_STRIP = NO;
				DEBUG_INFORMATION_FORMAT = "dwarf-with-dsym";
				ENABLE_NS_ASSERTIONS = NO;
				ENABLE_STRICT_OBJC_MSGSEND = YES;
				GCC_C_LANGUAGE_STANDARD = gnu11;
				GCC_NO_COMMON_BLOCKS = YES;
				GCC_WARN_64_TO_32_BIT_CONVERSION = YES;
				GCC_WARN_ABOUT_RETURN_TYPE = YES_ERROR;
				GCC_WARN_UNDECLARED_SELECTOR = YES;
				GCC_WARN_UNINITIALIZED_AUTOS = YES_AGGRESSIVE;
				GCC_WARN_UNUSED_FUNCTION = YES;
				GCC_WARN_UNUSED_VARIABLE = YES;
				IPHONEOS_DEPLOYMENT_TARGET = 11.3;
				MTL_ENABLE_DEBUG_INFO = NO;
				SDKROOT = iphoneos;
				VALIDATE_PRODUCT = YES;
			};
			name = Release;
		};
		CA75864620B28FCE0012C694 /* Debug */ = {
			isa = XCBuildConfiguration;
			buildSettings = {
				ASSETCATALOG_COMPILER_APPICON_NAME = AppIcon;
				CODE_SIGN_STYLE = Automatic;
				DEVELOPMENT_TEAM = 5B228QDGFG;
				INFOPLIST_FILE = AYAudioTool/Info.plist;
				IPHONEOS_DEPLOYMENT_TARGET = 11.3;
				LD_RUNPATH_SEARCH_PATHS = (
					"$(inherited)",
					"@executable_path/Frameworks",
				);
				PRODUCT_BUNDLE_IDENTIFIER = com.shanbay.AYAudioTool;
				PRODUCT_NAME = "$(TARGET_NAME)";
				TARGETED_DEVICE_FAMILY = "1,2";
			};
			name = Debug;
		};
		CA75864720B28FCE0012C694 /* Release */ = {
			isa = XCBuildConfiguration;
			buildSettings = {
				ASSETCATALOG_COMPILER_APPICON_NAME = AppIcon;
				CODE_SIGN_STYLE = Automatic;
				DEVELOPMENT_TEAM = 5B228QDGFG;
				INFOPLIST_FILE = AYAudioTool/Info.plist;
				IPHONEOS_DEPLOYMENT_TARGET = 11.3;
				LD_RUNPATH_SEARCH_PATHS = (
					"$(inherited)",
					"@executable_path/Frameworks",
				);
				PRODUCT_BUNDLE_IDENTIFIER = com.shanbay.AYAudioTool;
				PRODUCT_NAME = "$(TARGET_NAME)";
				TARGETED_DEVICE_FAMILY = "1,2";
			};
			name = Release;
		};
/* End XCBuildConfiguration section */

/* Begin XCConfigurationList section */
		CA75862A20B28FCD0012C694 /* Build configuration list for PBXProject "AYAudioTool" */ = {
			isa = XCConfigurationList;
			buildConfigurations = (
				CA75864320B28FCE0012C694 /* Debug */,
				CA75864420B28FCE0012C694 /* Release */,
			);
			defaultConfigurationIsVisible = 0;
			defaultConfigurationName = Release;
		};
		CA75864520B28FCE0012C694 /* Build configuration list for PBXNativeTarget "AYAudioTool" */ = {
			isa = XCConfigurationList;
			buildConfigurations = (
				CA75864620B28FCE0012C694 /* Debug */,
				CA75864720B28FCE0012C694 /* Release */,
			);
			defaultConfigurationIsVisible = 0;
			defaultConfigurationName = Release;
		};
/* End XCConfigurationList section */
	};
	rootObject = CA75862720B28FCD0012C694 /* Project object */;
}
